
Microsoft Visual Studio Solution File, Format Version 12.00
# Visual Studio 15
VisualStudioVersion = 15.0.28307.960
MinimumVisualStudioVersion = 10.0.40219.1
Project("{FAE04EC0-301F-11D3-BF4B-00C04F79EFBC}") = "Fast Food", "Fast Food\Fast Food.csproj", "{2E0D56FF-9937-4DC2-A690-03865967E603}"
EndProject
Global
	GlobalSection(SolutionConfigurationPlatforms) = preSolution
		Debug|Any CPU = Debug|Any CPU
		Release|Any CPU = Release|Any CPU
	EndGlobalSection
	GlobalSection(ProjectConfigurationPlatforms) = postSolution
		{2E0D56FF-9937-4DC2-A690-03865967E603}.Debug|Any CPU.ActiveCfg = Debug|Any CPU
		{2E0D56FF-9937-4DC2-A690-03865967E603}.Debug|Any CPU.Build.0 = Debug|Any CPU
		{2E0D56FF-9937-4DC2-A690-03865967E603}.Release|Any CPU.ActiveCfg = Release|Any CPU
		{2E0D56FF-9937-4DC2-A690-03865967E603}.Release|Any CPU.Build.0 = Release|Any CPU
	EndGlobalSection
	GlobalSection(SolutionProperties) = preSolution
		HideSolutionNode = FALSE
	EndGlobalSection
	GlobalSection(ExtensibilityGlobals) = postSolution
		SolutionGuid = {48B3F336-B04D-49ED-B6E6-34940D0E7656}
	EndGlobalSection
EndGlobal
