
Microsoft Visual Studio Solution File, Format Version 12.00
# Visual Studio 15
VisualStudioVersion = 15.0.28307.960
MinimumVisualStudioVersion = 10.0.40219.1
Project("{FAE04EC0-301F-11D3-BF4B-00C04F79EFBC}") = "Songs Queue", "Songs Queue\Songs Queue.csproj", "{3D1D0C10-FA11-4D7C-A164-7EC1A818431A}"
EndProject
Global
	GlobalSection(SolutionConfigurationPlatforms) = preSolution
		Debug|Any CPU = Debug|Any CPU
		Release|Any CPU = Release|Any CPU
	EndGlobalSection
	GlobalSection(ProjectConfigurationPlatforms) = postSolution
		{3D1D0C10-FA11-4D7C-A164-7EC1A818431A}.Debug|Any CPU.ActiveCfg = Debug|Any CPU
		{3D1D0C10-FA11-4D7C-A164-7EC1A818431A}.Debug|Any CPU.Build.0 = Debug|Any CPU
		{3D1D0C10-FA11-4D7C-A164-7EC1A818431A}.Release|Any CPU.ActiveCfg = Release|Any CPU
		{3D1D0C10-FA11-4D7C-A164-7EC1A818431A}.Release|Any CPU.Build.0 = Release|Any CPU
	EndGlobalSection
	GlobalSection(SolutionProperties) = preSolution
		HideSolutionNode = FALSE
	EndGlobalSection
	GlobalSection(ExtensibilityGlobals) = postSolution
		SolutionGuid = {4A256A08-E960-4694-ACF7-77809B444B9E}
	EndGlobalSection
EndGlobal
