
Microsoft Visual Studio Solution File, Format Version 12.00
# Visual Studio 15
VisualStudioVersion = 15.0.28307.960
MinimumVisualStudioVersion = 10.0.40219.1
Project("{FAE04EC0-301F-11D3-BF4B-00C04F79EFBC}") = "Average Student Grades", "Average Student Grades\Average Student Grades.csproj", "{805E10FE-B72F-4DA6-ACBC-DF47ECD5965D}"
EndProject
Global
	GlobalSection(SolutionConfigurationPlatforms) = preSolution
		Debug|Any CPU = Debug|Any CPU
		Release|Any CPU = Release|Any CPU
	EndGlobalSection
	GlobalSection(ProjectConfigurationPlatforms) = postSolution
		{805E10FE-B72F-4DA6-ACBC-DF47ECD5965D}.Debug|Any CPU.ActiveCfg = Debug|Any CPU
		{805E10FE-B72F-4DA6-ACBC-DF47ECD5965D}.Debug|Any CPU.Build.0 = Debug|Any CPU
		{805E10FE-B72F-4DA6-ACBC-DF47ECD5965D}.Release|Any CPU.ActiveCfg = Release|Any CPU
		{805E10FE-B72F-4DA6-ACBC-DF47ECD5965D}.Release|Any CPU.Build.0 = Release|Any CPU
	EndGlobalSection
	GlobalSection(SolutionProperties) = preSolution
		HideSolutionNode = FALSE
	EndGlobalSection
	GlobalSection(ExtensibilityGlobals) = postSolution
		SolutionGuid = {D7CF35EB-AC45-49AB-A090-54B1E8E5F9B3}
	EndGlobalSection
EndGlobal
