
Microsoft Visual Studio Solution File, Format Version 12.00
# Visual Studio 15
VisualStudioVersion = 15.0.28307.960
MinimumVisualStudioVersion = 10.0.40219.1
Project("{FAE04EC0-301F-11D3-BF4B-00C04F79EFBC}") = "Knights of Honor", "Knights of Honor\Knights of Honor.csproj", "{08145409-72EA-4B76-8459-B89ABB273410}"
EndProject
Global
	GlobalSection(SolutionConfigurationPlatforms) = preSolution
		Debug|Any CPU = Debug|Any CPU
		Release|Any CPU = Release|Any CPU
	EndGlobalSection
	GlobalSection(ProjectConfigurationPlatforms) = postSolution
		{08145409-72EA-4B76-8459-B89ABB273410}.Debug|Any CPU.ActiveCfg = Debug|Any CPU
		{08145409-72EA-4B76-8459-B89ABB273410}.Debug|Any CPU.Build.0 = Debug|Any CPU
		{08145409-72EA-4B76-8459-B89ABB273410}.Release|Any CPU.ActiveCfg = Release|Any CPU
		{08145409-72EA-4B76-8459-B89ABB273410}.Release|Any CPU.Build.0 = Release|Any CPU
	EndGlobalSection
	GlobalSection(SolutionProperties) = preSolution
		HideSolutionNode = FALSE
	EndGlobalSection
	GlobalSection(ExtensibilityGlobals) = postSolution
		SolutionGuid = {297AC7A6-E8D9-4213-A720-C4F32874D5AD}
	EndGlobalSection
EndGlobal
