
Microsoft Visual Studio Solution File, Format Version 12.00
# Visual Studio 15
VisualStudioVersion = 15.0.28307.960
MinimumVisualStudioVersion = 10.0.40219.1
Project("{9A19103F-16F7-4668-BE54-9A1E7A4F7556}") = "DefiningClasses", "DefiningClasses.csproj", "{9529E0F9-A5B0-4826-BCEA-C8D456C4686C}"
EndProject
Global
	GlobalSection(SolutionConfigurationPlatforms) = preSolution
		Debug|Any CPU = Debug|Any CPU
		Release|Any CPU = Release|Any CPU
	EndGlobalSection
	GlobalSection(ProjectConfigurationPlatforms) = postSolution
		{9529E0F9-A5B0-4826-BCEA-C8D456C4686C}.Debug|Any CPU.ActiveCfg = Debug|Any CPU
		{9529E0F9-A5B0-4826-BCEA-C8D456C4686C}.Debug|Any CPU.Build.0 = Debug|Any CPU
		{9529E0F9-A5B0-4826-BCEA-C8D456C4686C}.Release|Any CPU.ActiveCfg = Release|Any CPU
		{9529E0F9-A5B0-4826-BCEA-C8D456C4686C}.Release|Any CPU.Build.0 = Release|Any CPU
	EndGlobalSection
	GlobalSection(SolutionProperties) = preSolution
		HideSolutionNode = FALSE
	EndGlobalSection
	GlobalSection(ExtensibilityGlobals) = postSolution
		SolutionGuid = {0D818264-E3AD-4D6B-BC90-E742F7CCF0AC}
	EndGlobalSection
EndGlobal
