
Microsoft Visual Studio Solution File, Format Version 12.00
# Visual Studio 15
VisualStudioVersion = 15.0.28307.960
MinimumVisualStudioVersion = 10.0.40219.1
Project("{FAE04EC0-301F-11D3-BF4B-00C04F79EFBC}") = "Symbol in Matrix", "Symbol in Matrix\Symbol in Matrix.csproj", "{3BC52070-4180-48A6-995C-695AC01F8AA5}"
EndProject
Global
	GlobalSection(SolutionConfigurationPlatforms) = preSolution
		Debug|Any CPU = Debug|Any CPU
		Release|Any CPU = Release|Any CPU
	EndGlobalSection
	GlobalSection(ProjectConfigurationPlatforms) = postSolution
		{3BC52070-4180-48A6-995C-695AC01F8AA5}.Debug|Any CPU.ActiveCfg = Debug|Any CPU
		{3BC52070-4180-48A6-995C-695AC01F8AA5}.Debug|Any CPU.Build.0 = Debug|Any CPU
		{3BC52070-4180-48A6-995C-695AC01F8AA5}.Release|Any CPU.ActiveCfg = Release|Any CPU
		{3BC52070-4180-48A6-995C-695AC01F8AA5}.Release|Any CPU.Build.0 = Release|Any CPU
	EndGlobalSection
	GlobalSection(SolutionProperties) = preSolution
		HideSolutionNode = FALSE
	EndGlobalSection
	GlobalSection(ExtensibilityGlobals) = postSolution
		SolutionGuid = {EE833804-D07B-4A53-AFAE-C762E34A82DF}
	EndGlobalSection
EndGlobal
