
Microsoft Visual Studio Solution File, Format Version 12.00
# Visual Studio 15
VisualStudioVersion = 15.0.28307.960
MinimumVisualStudioVersion = 10.0.40219.1
Project("{FAE04EC0-301F-11D3-BF4B-00C04F79EFBC}") = "Truck Tour", "Truck Tour\Truck Tour.csproj", "{56E17157-B7AA-476F-BE3E-8EB36BC5F5D6}"
EndProject
Global
	GlobalSection(SolutionConfigurationPlatforms) = preSolution
		Debug|Any CPU = Debug|Any CPU
		Release|Any CPU = Release|Any CPU
	EndGlobalSection
	GlobalSection(ProjectConfigurationPlatforms) = postSolution
		{56E17157-B7AA-476F-BE3E-8EB36BC5F5D6}.Debug|Any CPU.ActiveCfg = Debug|Any CPU
		{56E17157-B7AA-476F-BE3E-8EB36BC5F5D6}.Debug|Any CPU.Build.0 = Debug|Any CPU
		{56E17157-B7AA-476F-BE3E-8EB36BC5F5D6}.Release|Any CPU.ActiveCfg = Release|Any CPU
		{56E17157-B7AA-476F-BE3E-8EB36BC5F5D6}.Release|Any CPU.Build.0 = Release|Any CPU
	EndGlobalSection
	GlobalSection(SolutionProperties) = preSolution
		HideSolutionNode = FALSE
	EndGlobalSection
	GlobalSection(ExtensibilityGlobals) = postSolution
		SolutionGuid = {F9EEDD42-0820-4C55-B9F1-E756298E1D0D}
	EndGlobalSection
EndGlobal
