
Microsoft Visual Studio Solution File, Format Version 12.00
# Visual Studio 15
VisualStudioVersion = 15.0.28307.960
MinimumVisualStudioVersion = 10.0.40219.1
Project("{FAE04EC0-301F-11D3-BF4B-00C04F79EFBC}") = "TriFunction", "TriFunction\TriFunction.csproj", "{390CBD8A-92C8-4A9C-845C-F2D388AC8A1B}"
EndProject
Global
	GlobalSection(SolutionConfigurationPlatforms) = preSolution
		Debug|Any CPU = Debug|Any CPU
		Release|Any CPU = Release|Any CPU
	EndGlobalSection
	GlobalSection(ProjectConfigurationPlatforms) = postSolution
		{390CBD8A-92C8-4A9C-845C-F2D388AC8A1B}.Debug|Any CPU.ActiveCfg = Debug|Any CPU
		{390CBD8A-92C8-4A9C-845C-F2D388AC8A1B}.Debug|Any CPU.Build.0 = Debug|Any CPU
		{390CBD8A-92C8-4A9C-845C-F2D388AC8A1B}.Release|Any CPU.ActiveCfg = Release|Any CPU
		{390CBD8A-92C8-4A9C-845C-F2D388AC8A1B}.Release|Any CPU.Build.0 = Release|Any CPU
	EndGlobalSection
	GlobalSection(SolutionProperties) = preSolution
		HideSolutionNode = FALSE
	EndGlobalSection
	GlobalSection(ExtensibilityGlobals) = postSolution
		SolutionGuid = {3304CEBD-382D-4C34-AA4C-5DC44E01F586}
	EndGlobalSection
EndGlobal
