
Microsoft Visual Studio Solution File, Format Version 12.00
# Visual Studio 15
VisualStudioVersion = 15.0.28307.960
MinimumVisualStudioVersion = 10.0.40219.1
Project("{FAE04EC0-301F-11D3-BF4B-00C04F79EFBC}") = "Balanced Parenthesis", "Balanced Parenthesis\Balanced Parenthesis.csproj", "{01209D1F-2878-4977-A92E-19C7A0D5BA44}"
EndProject
Global
	GlobalSection(SolutionConfigurationPlatforms) = preSolution
		Debug|Any CPU = Debug|Any CPU
		Release|Any CPU = Release|Any CPU
	EndGlobalSection
	GlobalSection(ProjectConfigurationPlatforms) = postSolution
		{01209D1F-2878-4977-A92E-19C7A0D5BA44}.Debug|Any CPU.ActiveCfg = Debug|Any CPU
		{01209D1F-2878-4977-A92E-19C7A0D5BA44}.Debug|Any CPU.Build.0 = Debug|Any CPU
		{01209D1F-2878-4977-A92E-19C7A0D5BA44}.Release|Any CPU.ActiveCfg = Release|Any CPU
		{01209D1F-2878-4977-A92E-19C7A0D5BA44}.Release|Any CPU.Build.0 = Release|Any CPU
	EndGlobalSection
	GlobalSection(SolutionProperties) = preSolution
		HideSolutionNode = FALSE
	EndGlobalSection
	GlobalSection(ExtensibilityGlobals) = postSolution
		SolutionGuid = {4143DBB3-04E2-459B-AF32-E377C2CE2C6D}
	EndGlobalSection
EndGlobal
