
Microsoft Visual Studio Solution File, Format Version 12.00
# Visual Studio 15
VisualStudioVersion = 15.0.28307.960
MinimumVisualStudioVersion = 10.0.40219.1
Project("{FAE04EC0-301F-11D3-BF4B-00C04F79EFBC}") = "Hot Potato", "Hot Potato\Hot Potato.csproj", "{556695C1-6EE2-41D5-873B-D20F7D5B278B}"
EndProject
Global
	GlobalSection(SolutionConfigurationPlatforms) = preSolution
		Debug|Any CPU = Debug|Any CPU
		Release|Any CPU = Release|Any CPU
	EndGlobalSection
	GlobalSection(ProjectConfigurationPlatforms) = postSolution
		{556695C1-6EE2-41D5-873B-D20F7D5B278B}.Debug|Any CPU.ActiveCfg = Debug|Any CPU
		{556695C1-6EE2-41D5-873B-D20F7D5B278B}.Debug|Any CPU.Build.0 = Debug|Any CPU
		{556695C1-6EE2-41D5-873B-D20F7D5B278B}.Release|Any CPU.ActiveCfg = Release|Any CPU
		{556695C1-6EE2-41D5-873B-D20F7D5B278B}.Release|Any CPU.Build.0 = Release|Any CPU
	EndGlobalSection
	GlobalSection(SolutionProperties) = preSolution
		HideSolutionNode = FALSE
	EndGlobalSection
	GlobalSection(ExtensibilityGlobals) = postSolution
		SolutionGuid = {9387E7C7-1383-4057-BADC-4A2FAA239F0C}
	EndGlobalSection
EndGlobal
