
Microsoft Visual Studio Solution File, Format Version 12.00
# Visual Studio 15
VisualStudioVersion = 15.0.28307.960
MinimumVisualStudioVersion = 10.0.40219.1
Project("{FAE04EC0-301F-11D3-BF4B-00C04F79EFBC}") = "Unique Usernames", "Unique Usernames\Unique Usernames.csproj", "{AF5E787F-D854-454C-A1F9-2C3D34934E28}"
EndProject
Global
	GlobalSection(SolutionConfigurationPlatforms) = preSolution
		Debug|Any CPU = Debug|Any CPU
		Release|Any CPU = Release|Any CPU
	EndGlobalSection
	GlobalSection(ProjectConfigurationPlatforms) = postSolution
		{AF5E787F-D854-454C-A1F9-2C3D34934E28}.Debug|Any CPU.ActiveCfg = Debug|Any CPU
		{AF5E787F-D854-454C-A1F9-2C3D34934E28}.Debug|Any CPU.Build.0 = Debug|Any CPU
		{AF5E787F-D854-454C-A1F9-2C3D34934E28}.Release|Any CPU.ActiveCfg = Release|Any CPU
		{AF5E787F-D854-454C-A1F9-2C3D34934E28}.Release|Any CPU.Build.0 = Release|Any CPU
	EndGlobalSection
	GlobalSection(SolutionProperties) = preSolution
		HideSolutionNode = FALSE
	EndGlobalSection
	GlobalSection(ExtensibilityGlobals) = postSolution
		SolutionGuid = {F680782B-5800-437B-B2E0-5D464BD2EE9E}
	EndGlobalSection
EndGlobal
