
Microsoft Visual Studio Solution File, Format Version 12.00
# Visual Studio 15
VisualStudioVersion = 15.0.28307.960
MinimumVisualStudioVersion = 10.0.40219.1
Project("{FAE04EC0-301F-11D3-BF4B-00C04F79EFBC}") = "Car", "Car\Car.csproj", "{5C931251-A407-4622-AD15-5AB5D18A63DD}"
EndProject
Project("{FAE04EC0-301F-11D3-BF4B-00C04F79EFBC}") = "Car Extension", "Car Extension\Car Extension.csproj", "{93117477-8035-48F1-9586-A452123EBDF6}"
EndProject
Global
	GlobalSection(SolutionConfigurationPlatforms) = preSolution
		Debug|Any CPU = Debug|Any CPU
		Release|Any CPU = Release|Any CPU
	EndGlobalSection
	GlobalSection(ProjectConfigurationPlatforms) = postSolution
		{5C931251-A407-4622-AD15-5AB5D18A63DD}.Debug|Any CPU.ActiveCfg = Debug|Any CPU
		{5C931251-A407-4622-AD15-5AB5D18A63DD}.Debug|Any CPU.Build.0 = Debug|Any CPU
		{5C931251-A407-4622-AD15-5AB5D18A63DD}.Release|Any CPU.ActiveCfg = Release|Any CPU
		{5C931251-A407-4622-AD15-5AB5D18A63DD}.Release|Any CPU.Build.0 = Release|Any CPU
		{93117477-8035-48F1-9586-A452123EBDF6}.Debug|Any CPU.ActiveCfg = Debug|Any CPU
		{93117477-8035-48F1-9586-A452123EBDF6}.Debug|Any CPU.Build.0 = Debug|Any CPU
		{93117477-8035-48F1-9586-A452123EBDF6}.Release|Any CPU.ActiveCfg = Release|Any CPU
		{93117477-8035-48F1-9586-A452123EBDF6}.Release|Any CPU.Build.0 = Release|Any CPU
	EndGlobalSection
	GlobalSection(SolutionProperties) = preSolution
		HideSolutionNode = FALSE
	EndGlobalSection
	GlobalSection(ExtensibilityGlobals) = postSolution
		SolutionGuid = {007FE4C1-16AF-4927-8507-3A9AF6276F87}
	EndGlobalSection
EndGlobal
