
Microsoft Visual Studio Solution File, Format Version 12.00
# Visual Studio 15
VisualStudioVersion = 15.0.28307.960
MinimumVisualStudioVersion = 10.0.40219.1
Project("{FAE04EC0-301F-11D3-BF4B-00C04F79EFBC}") = "Print Even Numbers", "Print Even Numbers\Print Even Numbers.csproj", "{D384B668-3900-42C0-8709-342A1419CFC5}"
EndProject
Global
	GlobalSection(SolutionConfigurationPlatforms) = preSolution
		Debug|Any CPU = Debug|Any CPU
		Release|Any CPU = Release|Any CPU
	EndGlobalSection
	GlobalSection(ProjectConfigurationPlatforms) = postSolution
		{D384B668-3900-42C0-8709-342A1419CFC5}.Debug|Any CPU.ActiveCfg = Debug|Any CPU
		{D384B668-3900-42C0-8709-342A1419CFC5}.Debug|Any CPU.Build.0 = Debug|Any CPU
		{D384B668-3900-42C0-8709-342A1419CFC5}.Release|Any CPU.ActiveCfg = Release|Any CPU
		{D384B668-3900-42C0-8709-342A1419CFC5}.Release|Any CPU.Build.0 = Release|Any CPU
	EndGlobalSection
	GlobalSection(SolutionProperties) = preSolution
		HideSolutionNode = FALSE
	EndGlobalSection
	GlobalSection(ExtensibilityGlobals) = postSolution
		SolutionGuid = {C27B3B4B-DF47-400B-B02B-3C183299AB5F}
	EndGlobalSection
EndGlobal
