
Microsoft Visual Studio Solution File, Format Version 12.00
# Visual Studio 15
VisualStudioVersion = 15.0.28307.960
MinimumVisualStudioVersion = 10.0.40219.1
Project("{FAE04EC0-301F-11D3-BF4B-00C04F79EFBC}") = "Jagged-Array Modification", "Jagged-Array Modification\Jagged-Array Modification.csproj", "{06EBF57D-E04C-4F40-99D1-5876B64D5414}"
EndProject
Global
	GlobalSection(SolutionConfigurationPlatforms) = preSolution
		Debug|Any CPU = Debug|Any CPU
		Release|Any CPU = Release|Any CPU
	EndGlobalSection
	GlobalSection(ProjectConfigurationPlatforms) = postSolution
		{06EBF57D-E04C-4F40-99D1-5876B64D5414}.Debug|Any CPU.ActiveCfg = Debug|Any CPU
		{06EBF57D-E04C-4F40-99D1-5876B64D5414}.Debug|Any CPU.Build.0 = Debug|Any CPU
		{06EBF57D-E04C-4F40-99D1-5876B64D5414}.Release|Any CPU.ActiveCfg = Release|Any CPU
		{06EBF57D-E04C-4F40-99D1-5876B64D5414}.Release|Any CPU.Build.0 = Release|Any CPU
	EndGlobalSection
	GlobalSection(SolutionProperties) = preSolution
		HideSolutionNode = FALSE
	EndGlobalSection
	GlobalSection(ExtensibilityGlobals) = postSolution
		SolutionGuid = {72BADE51-ECC0-46C5-B31E-A3BEEA76A9D8}
	EndGlobalSection
EndGlobal
