
Microsoft Visual Studio Solution File, Format Version 12.00
# Visual Studio 15
VisualStudioVersion = 15.0.28307.960
MinimumVisualStudioVersion = 10.0.40219.1
Project("{FAE04EC0-301F-11D3-BF4B-00C04F79EFBC}") = "Stack Sum", "Stack Sum\Stack Sum.csproj", "{36310844-7273-46B3-AF6E-EAB214CD7EA3}"
EndProject
Global
	GlobalSection(SolutionConfigurationPlatforms) = preSolution
		Debug|Any CPU = Debug|Any CPU
		Release|Any CPU = Release|Any CPU
	EndGlobalSection
	GlobalSection(ProjectConfigurationPlatforms) = postSolution
		{36310844-7273-46B3-AF6E-EAB214CD7EA3}.Debug|Any CPU.ActiveCfg = Debug|Any CPU
		{36310844-7273-46B3-AF6E-EAB214CD7EA3}.Debug|Any CPU.Build.0 = Debug|Any CPU
		{36310844-7273-46B3-AF6E-EAB214CD7EA3}.Release|Any CPU.ActiveCfg = Release|Any CPU
		{36310844-7273-46B3-AF6E-EAB214CD7EA3}.Release|Any CPU.Build.0 = Release|Any CPU
	EndGlobalSection
	GlobalSection(SolutionProperties) = preSolution
		HideSolutionNode = FALSE
	EndGlobalSection
	GlobalSection(ExtensibilityGlobals) = postSolution
		SolutionGuid = {F7359B07-C483-4673-B959-EDC5BCDFAAFA}
	EndGlobalSection
EndGlobal
