
Microsoft Visual Studio Solution File, Format Version 12.00
# Visual Studio 15
VisualStudioVersion = 15.0.28307.960
MinimumVisualStudioVersion = 10.0.40219.1
Project("{FAE04EC0-301F-11D3-BF4B-00C04F79EFBC}") = "Reverse Strings", "Reverse Strings\Reverse Strings.csproj", "{1806E305-9EA1-4EC2-847F-02EAB1C4272C}"
EndProject
Global
	GlobalSection(SolutionConfigurationPlatforms) = preSolution
		Debug|Any CPU = Debug|Any CPU
		Release|Any CPU = Release|Any CPU
	EndGlobalSection
	GlobalSection(ProjectConfigurationPlatforms) = postSolution
		{1806E305-9EA1-4EC2-847F-02EAB1C4272C}.Debug|Any CPU.ActiveCfg = Debug|Any CPU
		{1806E305-9EA1-4EC2-847F-02EAB1C4272C}.Debug|Any CPU.Build.0 = Debug|Any CPU
		{1806E305-9EA1-4EC2-847F-02EAB1C4272C}.Release|Any CPU.ActiveCfg = Release|Any CPU
		{1806E305-9EA1-4EC2-847F-02EAB1C4272C}.Release|Any CPU.Build.0 = Release|Any CPU
	EndGlobalSection
	GlobalSection(SolutionProperties) = preSolution
		HideSolutionNode = FALSE
	EndGlobalSection
	GlobalSection(ExtensibilityGlobals) = postSolution
		SolutionGuid = {64C7F1A6-163C-4AFA-A9FD-780A599815FE}
	EndGlobalSection
EndGlobal
